
Microsoft Visual Studio Solution File, Format Version 12.00
# Visual Studio Version 16
VisualStudioVersion = 16.0.29209.62
MinimumVisualStudioVersion = 15.0.26124.0
Project("{9A19103F-16F7-4668-BE54-9A1E7A4F7556}") = "WebAPI.Sample", "WebAPI.Sample\WebAPI.Sample.csproj", "{24BF90FB-589D-4679-A761-7FA453937D74}"
EndProject
Global
	GlobalSection(SolutionConfigurationPlatforms) = preSolution
		Debug|Any CPU = Debug|Any CPU
		Debug|x64 = Debug|x64
		Debug|x86 = Debug|x86
		Release|Any CPU = Release|Any CPU
		Release|x64 = Release|x64
		Release|x86 = Release|x86
	EndGlobalSection
	GlobalSection(ProjectConfigurationPlatforms) = postSolution
		{24BF90FB-589D-4679-A761-7FA453937D74}.Debug|Any CPU.ActiveCfg = Debug|Any CPU
		{24BF90FB-589D-4679-A761-7FA453937D74}.Debug|Any CPU.Build.0 = Debug|Any CPU
		{24BF90FB-589D-4679-A761-7FA453937D74}.Debug|x64.ActiveCfg = Debug|Any CPU
		{24BF90FB-589D-4679-A761-7FA453937D74}.Debug|x64.Build.0 = Debug|Any CPU
		{24BF90FB-589D-4679-A761-7FA453937D74}.Debug|x86.ActiveCfg = Debug|Any CPU
		{24BF90FB-589D-4679-A761-7FA453937D74}.Debug|x86.Build.0 = Debug|Any CPU
		{24BF90FB-589D-4679-A761-7FA453937D74}.Release|Any CPU.ActiveCfg = Release|Any CPU
		{24BF90FB-589D-4679-A761-7FA453937D74}.Release|Any CPU.Build.0 = Release|Any CPU
		{24BF90FB-589D-4679-A761-7FA453937D74}.Release|x64.ActiveCfg = Release|Any CPU
		{24BF90FB-589D-4679-A761-7FA453937D74}.Release|x64.Build.0 = Release|Any CPU
		{24BF90FB-589D-4679-A761-7FA453937D74}.Release|x86.ActiveCfg = Release|Any CPU
		{24BF90FB-589D-4679-A761-7FA453937D74}.Release|x86.Build.0 = Release|Any CPU
	EndGlobalSection
	GlobalSection(SolutionProperties) = preSolution
		HideSolutionNode = FALSE
	EndGlobalSection
	GlobalSection(ExtensibilityGlobals) = postSolution
		SolutionGuid = {88423147-8795-4173-BBF3-F10D11DE7D6D}
	EndGlobalSection
EndGlobal
